
Microsoft Visual Studio Solution File, Format Version 12.00
# Visual Studio Version 16
VisualStudioVersion = 16.0.29519.87
MinimumVisualStudioVersion = 10.0.40219.1
Project("{FAE04EC0-301F-11D3-BF4B-00C04F79EFBC}") = "Workaround", "Workaround\Workaround.csproj", "{8E41133C-629D-4713-A551-12DB41418BC7}"
EndProject
Project("{FAE04EC0-301F-11D3-BF4B-00C04F79EFBC}") = "Entities", "Entities\Entities.csproj", "{980B2268-D7AD-4474-8B3C-481FDB4CFF6F}"
EndProject
Global
	GlobalSection(SolutionConfigurationPlatforms) = preSolution
		Debug|Any CPU = Debug|Any CPU
		Release|Any CPU = Release|Any CPU
	EndGlobalSection
	GlobalSection(ProjectConfigurationPlatforms) = postSolution
		{8E41133C-629D-4713-A551-12DB41418BC7}.Debug|Any CPU.ActiveCfg = Debug|Any CPU
		{8E41133C-629D-4713-A551-12DB41418BC7}.Debug|Any CPU.Build.0 = Debug|Any CPU
		{8E41133C-629D-4713-A551-12DB41418BC7}.Release|Any CPU.ActiveCfg = Release|Any CPU
		{8E41133C-629D-4713-A551-12DB41418BC7}.Release|Any CPU.Build.0 = Release|Any CPU
		{980B2268-D7AD-4474-8B3C-481FDB4CFF6F}.Debug|Any CPU.ActiveCfg = Debug|Any CPU
		{980B2268-D7AD-4474-8B3C-481FDB4CFF6F}.Debug|Any CPU.Build.0 = Debug|Any CPU
		{980B2268-D7AD-4474-8B3C-481FDB4CFF6F}.Release|Any CPU.ActiveCfg = Release|Any CPU
		{980B2268-D7AD-4474-8B3C-481FDB4CFF6F}.Release|Any CPU.Build.0 = Release|Any CPU
	EndGlobalSection
	GlobalSection(SolutionProperties) = preSolution
		HideSolutionNode = FALSE
	EndGlobalSection
	GlobalSection(ExtensibilityGlobals) = postSolution
		SolutionGuid = {2202683E-4446-4DD9-9F55-EC10C349C2EC}
	EndGlobalSection
EndGlobal
